# This file was autogenerated by Stack.
# You should not edit this file by hand.
# For more information, please see the documentation at:
#   https://docs.haskellstack.org/en/stable/lock_files

packages:
- completed:
    hackage: korea-holidays-0.1.0.4@sha256:8d077a4657715ec0e8d4105709f51506e126794c2a55e79ed4b5c6331b2caf52,1630
    pantry-tree:
      size: 580
      sha256: 51760b40acec8935c806be525619227549da6d9ef10d6e122dd1eb2cb9719676
  original:
    hackage: korea-holidays-0.1.0.4
- completed:
    hackage: usa-holidays-0.1.0.2@sha256:08d219112a8d06259f4b26bea825e798f8f8b0a61d5f851966a6a9c36ebf2262,1672
    pantry-tree:
      size: 444
      sha256: 76222a8331d15b27d3fff3d80ced549a5f2aafb932510cdab09878ee5dc59061
  original:
    hackage: usa-holidays-0.1.0.2
- completed:
    hackage: linklater-4.0.0.2@sha256:c4d21b2ed782b6ca5fa69cdca244d60c2470cd82bf2ddd620e3e948619745609,1719
    pantry-tree:
      size: 369
      sha256: 54b9af4f1c3ff19cd98de64c7fb1ce2a98e9bf5c23654bea4c9393c3b46e6442
  original:
    hackage: linklater-4.0.0.2
snapshots:
- completed:
    size: 500539
    url: https://raw.githubusercontent.com/commercialhaskell/stackage-snapshots/master/lts/13/28.yaml
    sha256: cdde1bfb38fdee21c6acb73d506e78f7e12e0a73892adbbbe56374ebef4d3adf
  original: lts-13.28
